
Microsoft Visual Studio Solution File, Format Version 12.00
# Visual Studio Version 16
VisualStudioVersion = 16.0.30621.155
MinimumVisualStudioVersion = 10.0.40219.1
Project("{FAE04EC0-301F-11D3-BF4B-00C04F79EFBC}") = "ConsoleApp1", "ConsoleApp1\ConsoleApp1.csproj", "{18C00FE7-EBD3-44D6-95C8-1511D651E42C}"
EndProject
Global
	GlobalSection(SolutionConfigurationPlatforms) = preSolution
		Debug|Any CPU = Debug|Any CPU
		Release|Any CPU = Release|Any CPU
	EndGlobalSection
	GlobalSection(ProjectConfigurationPlatforms) = postSolution
		{18C00FE7-EBD3-44D6-95C8-1511D651E42C}.Debug|Any CPU.ActiveCfg = Debug|Any CPU
		{18C00FE7-EBD3-44D6-95C8-1511D651E42C}.Debug|Any CPU.Build.0 = Debug|Any CPU
		{18C00FE7-EBD3-44D6-95C8-1511D651E42C}.Release|Any CPU.ActiveCfg = Release|Any CPU
		{18C00FE7-EBD3-44D6-95C8-1511D651E42C}.Release|Any CPU.Build.0 = Release|Any CPU
	EndGlobalSection
	GlobalSection(SolutionProperties) = preSolution
		HideSolutionNode = FALSE
	EndGlobalSection
	GlobalSection(ExtensibilityGlobals) = postSolution
		SolutionGuid = {66DDCD50-078D-428B-9D06-073D48D50C6E}
	EndGlobalSection
EndGlobal
