
Microsoft Visual Studio Solution File, Format Version 12.00
# Visual Studio Version 16
VisualStudioVersion = 16.0.30621.155
MinimumVisualStudioVersion = 10.0.40219.1
Project("{FAE04EC0-301F-11D3-BF4B-00C04F79EFBC}") = "HomeWork_5.1", "HomeWork_5.1\HomeWork_5.1.csproj", "{FB21E5DB-AC44-4AC6-9F25-E1FE49CFA342}"
EndProject
Global
	GlobalSection(SolutionConfigurationPlatforms) = preSolution
		Debug|Any CPU = Debug|Any CPU
		Release|Any CPU = Release|Any CPU
	EndGlobalSection
	GlobalSection(ProjectConfigurationPlatforms) = postSolution
		{FB21E5DB-AC44-4AC6-9F25-E1FE49CFA342}.Debug|Any CPU.ActiveCfg = Debug|Any CPU
		{FB21E5DB-AC44-4AC6-9F25-E1FE49CFA342}.Debug|Any CPU.Build.0 = Debug|Any CPU
		{FB21E5DB-AC44-4AC6-9F25-E1FE49CFA342}.Release|Any CPU.ActiveCfg = Release|Any CPU
		{FB21E5DB-AC44-4AC6-9F25-E1FE49CFA342}.Release|Any CPU.Build.0 = Release|Any CPU
	EndGlobalSection
	GlobalSection(SolutionProperties) = preSolution
		HideSolutionNode = FALSE
	EndGlobalSection
	GlobalSection(ExtensibilityGlobals) = postSolution
		SolutionGuid = {88B95296-442D-4E02-84A8-604295123E26}
	EndGlobalSection
EndGlobal
