
Microsoft Visual Studio Solution File, Format Version 12.00
# Visual Studio Version 16
VisualStudioVersion = 16.0.30621.155
MinimumVisualStudioVersion = 10.0.40219.1
Project("{FAE04EC0-301F-11D3-BF4B-00C04F79EFBC}") = "Homework2", "Homework2\Homework2.csproj", "{7D5DDAB9-E709-40F2-9A78-BB5479FE6A43}"
EndProject
Global
	GlobalSection(SolutionConfigurationPlatforms) = preSolution
		Debug|Any CPU = Debug|Any CPU
		Release|Any CPU = Release|Any CPU
	EndGlobalSection
	GlobalSection(ProjectConfigurationPlatforms) = postSolution
		{7D5DDAB9-E709-40F2-9A78-BB5479FE6A43}.Debug|Any CPU.ActiveCfg = Debug|Any CPU
		{7D5DDAB9-E709-40F2-9A78-BB5479FE6A43}.Debug|Any CPU.Build.0 = Debug|Any CPU
		{7D5DDAB9-E709-40F2-9A78-BB5479FE6A43}.Release|Any CPU.ActiveCfg = Release|Any CPU
		{7D5DDAB9-E709-40F2-9A78-BB5479FE6A43}.Release|Any CPU.Build.0 = Release|Any CPU
	EndGlobalSection
	GlobalSection(SolutionProperties) = preSolution
		HideSolutionNode = FALSE
	EndGlobalSection
	GlobalSection(ExtensibilityGlobals) = postSolution
		SolutionGuid = {D9CB1E5A-5BC1-45E6-AEDA-9E5D474E2D8F}
	EndGlobalSection
EndGlobal
